
Microsoft Visual Studio Solution File, Format Version 12.00
# Visual Studio Version 17
VisualStudioVersion = 17.7.34024.191
MinimumVisualStudioVersion = 10.0.40219.1
Project("{FAE04EC0-301F-11D3-BF4B-00C04F79EFBC}") = "GUI_QLBanHang", "GUI_QLBanHang\GUI_QLBanHang.csproj", "{671C7002-0AC0-4272-994B-B76EA8387585}"
EndProject
Project("{FAE04EC0-301F-11D3-BF4B-00C04F79EFBC}") = "DTO_QLBanHang", "DTO_QLBanHang\DTO_QLBanHang.csproj", "{301301EF-B220-4921-BE09-FD6DB52584C2}"
EndProject
Project("{FAE04EC0-301F-11D3-BF4B-00C04F79EFBC}") = "DAL_QLBanHang", "DAL_QLBanHang\DAL_QLBanHang.csproj", "{0E603A19-DFB1-4DBB-AEC3-8BD6F82C70B7}"
EndProject
Project("{FAE04EC0-301F-11D3-BF4B-00C04F79EFBC}") = "BUS_QLBanHang", "BUS_QLBanHang\BUS_QLBanHang.csproj", "{92B815BE-715F-4F6D-B4E0-4E4B92846332}"
EndProject
Global
	GlobalSection(SolutionConfigurationPlatforms) = preSolution
		Debug|Any CPU = Debug|Any CPU
		Release|Any CPU = Release|Any CPU
	EndGlobalSection
	GlobalSection(ProjectConfigurationPlatforms) = postSolution
		{671C7002-0AC0-4272-994B-B76EA8387585}.Debug|Any CPU.ActiveCfg = Debug|Any CPU
		{671C7002-0AC0-4272-994B-B76EA8387585}.Debug|Any CPU.Build.0 = Debug|Any CPU
		{671C7002-0AC0-4272-994B-B76EA8387585}.Release|Any CPU.ActiveCfg = Release|Any CPU
		{671C7002-0AC0-4272-994B-B76EA8387585}.Release|Any CPU.Build.0 = Release|Any CPU
		{301301EF-B220-4921-BE09-FD6DB52584C2}.Debug|Any CPU.ActiveCfg = Debug|Any CPU
		{301301EF-B220-4921-BE09-FD6DB52584C2}.Debug|Any CPU.Build.0 = Debug|Any CPU
		{301301EF-B220-4921-BE09-FD6DB52584C2}.Release|Any CPU.ActiveCfg = Release|Any CPU
		{301301EF-B220-4921-BE09-FD6DB52584C2}.Release|Any CPU.Build.0 = Release|Any CPU
		{0E603A19-DFB1-4DBB-AEC3-8BD6F82C70B7}.Debug|Any CPU.ActiveCfg = Debug|Any CPU
		{0E603A19-DFB1-4DBB-AEC3-8BD6F82C70B7}.Debug|Any CPU.Build.0 = Debug|Any CPU
		{0E603A19-DFB1-4DBB-AEC3-8BD6F82C70B7}.Release|Any CPU.ActiveCfg = Release|Any CPU
		{0E603A19-DFB1-4DBB-AEC3-8BD6F82C70B7}.Release|Any CPU.Build.0 = Release|Any CPU
		{92B815BE-715F-4F6D-B4E0-4E4B92846332}.Debug|Any CPU.ActiveCfg = Debug|Any CPU
		{92B815BE-715F-4F6D-B4E0-4E4B92846332}.Debug|Any CPU.Build.0 = Debug|Any CPU
		{92B815BE-715F-4F6D-B4E0-4E4B92846332}.Release|Any CPU.ActiveCfg = Release|Any CPU
		{92B815BE-715F-4F6D-B4E0-4E4B92846332}.Release|Any CPU.Build.0 = Release|Any CPU
	EndGlobalSection
	GlobalSection(SolutionProperties) = preSolution
		HideSolutionNode = FALSE
	EndGlobalSection
	GlobalSection(ExtensibilityGlobals) = postSolution
		SolutionGuid = {53D1E619-5ECC-4289-9445-7DD6D0C77EEA}
	EndGlobalSection
EndGlobal
